
Microsoft Visual Studio Solution File, Format Version 12.00
# Visual Studio 2012
Project("{FAE04EC0-301F-11D3-BF4B-00C04F79EFBC}") = "Yagul", "Yagul\Yagul.csproj", "{CD504CED-8111-4C56-88F4-CB4B7C3948EC}"
EndProject
Project("{FAE04EC0-301F-11D3-BF4B-00C04F79EFBC}") = "Strung", "strung\Strung.csproj", "{A39E9313-4B3E-484D-8F81-B8CE8CC969C3}"
EndProject
Project("{FAE04EC0-301F-11D3-BF4B-00C04F79EFBC}") = "Apparser", "Apparser\Apparser.csproj", "{4005F152-0A8D-42FF-A152-3EC5E48ADD21}"
EndProject
Project("{FAE04EC0-301F-11D3-BF4B-00C04F79EFBC}") = "Outcomes", "Outcomes\Outcomes.csproj", "{9F56F06F-3E3E-4756-8FEF-D2B5B291E918}"
EndProject
Project("{FAE04EC0-301F-11D3-BF4B-00C04F79EFBC}") = "ConsoleApplication1", "ConsoleApplication1\ConsoleApplication1.csproj", "{48AFA12F-913C-4DE3-B9C6-4F7AFA7DCB49}"
EndProject
Project("{FAE04EC0-301F-11D3-BF4B-00C04F79EFBC}") = "Canasta", "Canasta\Canasta.csproj", "{CB92AC0C-B56E-4C8B-BEF5-00295C56DC33}"
EndProject
Project("{2150E333-8FDC-42A3-9474-1A3956D46DE8}") = ".nuget", ".nuget", "{3E8ADEFD-4A5A-4D1B-AE12-F59B11B1EEEC}"
	ProjectSection(SolutionItems) = preProject
		.nuget\NuGet.Config = .nuget\NuGet.Config
		.nuget\NuGet.exe = .nuget\NuGet.exe
		.nuget\NuGet.targets = .nuget\NuGet.targets
	EndProjectSection
EndProject
Project("{FAE04EC0-301F-11D3-BF4B-00C04F79EFBC}") = "Porges.Net", "Porges.Net\Porges.Net.csproj", "{19300050-285B-4E01-AE40-A7D4B49961FA}"
EndProject
Project("{FAE04EC0-301F-11D3-BF4B-00C04F79EFBC}") = "Porges.Net.Tests", "Porges.Net.Tests\Porges.Net.Tests.csproj", "{B77D7CA9-8345-4145-BEF0-311371D83931}"
EndProject
Global
	GlobalSection(SolutionConfigurationPlatforms) = preSolution
		Debug|Any CPU = Debug|Any CPU
		Release|Any CPU = Release|Any CPU
	EndGlobalSection
	GlobalSection(ProjectConfigurationPlatforms) = postSolution
		{CD504CED-8111-4C56-88F4-CB4B7C3948EC}.Debug|Any CPU.ActiveCfg = Debug|Any CPU
		{CD504CED-8111-4C56-88F4-CB4B7C3948EC}.Debug|Any CPU.Build.0 = Debug|Any CPU
		{CD504CED-8111-4C56-88F4-CB4B7C3948EC}.Release|Any CPU.ActiveCfg = Release|Any CPU
		{CD504CED-8111-4C56-88F4-CB4B7C3948EC}.Release|Any CPU.Build.0 = Release|Any CPU
		{A39E9313-4B3E-484D-8F81-B8CE8CC969C3}.Debug|Any CPU.ActiveCfg = Debug|Any CPU
		{A39E9313-4B3E-484D-8F81-B8CE8CC969C3}.Debug|Any CPU.Build.0 = Debug|Any CPU
		{A39E9313-4B3E-484D-8F81-B8CE8CC969C3}.Release|Any CPU.ActiveCfg = Release|Any CPU
		{A39E9313-4B3E-484D-8F81-B8CE8CC969C3}.Release|Any CPU.Build.0 = Release|Any CPU
		{4005F152-0A8D-42FF-A152-3EC5E48ADD21}.Debug|Any CPU.ActiveCfg = Debug|Any CPU
		{4005F152-0A8D-42FF-A152-3EC5E48ADD21}.Debug|Any CPU.Build.0 = Debug|Any CPU
		{4005F152-0A8D-42FF-A152-3EC5E48ADD21}.Release|Any CPU.ActiveCfg = Release|Any CPU
		{4005F152-0A8D-42FF-A152-3EC5E48ADD21}.Release|Any CPU.Build.0 = Release|Any CPU
		{9F56F06F-3E3E-4756-8FEF-D2B5B291E918}.Debug|Any CPU.ActiveCfg = Debug|Any CPU
		{9F56F06F-3E3E-4756-8FEF-D2B5B291E918}.Debug|Any CPU.Build.0 = Debug|Any CPU
		{9F56F06F-3E3E-4756-8FEF-D2B5B291E918}.Release|Any CPU.ActiveCfg = Release|Any CPU
		{9F56F06F-3E3E-4756-8FEF-D2B5B291E918}.Release|Any CPU.Build.0 = Release|Any CPU
		{48AFA12F-913C-4DE3-B9C6-4F7AFA7DCB49}.Debug|Any CPU.ActiveCfg = Debug|Any CPU
		{48AFA12F-913C-4DE3-B9C6-4F7AFA7DCB49}.Debug|Any CPU.Build.0 = Debug|Any CPU
		{48AFA12F-913C-4DE3-B9C6-4F7AFA7DCB49}.Release|Any CPU.ActiveCfg = Release|Any CPU
		{48AFA12F-913C-4DE3-B9C6-4F7AFA7DCB49}.Release|Any CPU.Build.0 = Release|Any CPU
		{CB92AC0C-B56E-4C8B-BEF5-00295C56DC33}.Debug|Any CPU.ActiveCfg = Debug|Any CPU
		{CB92AC0C-B56E-4C8B-BEF5-00295C56DC33}.Debug|Any CPU.Build.0 = Debug|Any CPU
		{CB92AC0C-B56E-4C8B-BEF5-00295C56DC33}.Release|Any CPU.ActiveCfg = Release|Any CPU
		{CB92AC0C-B56E-4C8B-BEF5-00295C56DC33}.Release|Any CPU.Build.0 = Release|Any CPU
		{19300050-285B-4E01-AE40-A7D4B49961FA}.Debug|Any CPU.ActiveCfg = Debug|Any CPU
		{19300050-285B-4E01-AE40-A7D4B49961FA}.Debug|Any CPU.Build.0 = Debug|Any CPU
		{19300050-285B-4E01-AE40-A7D4B49961FA}.Release|Any CPU.ActiveCfg = Release|Any CPU
		{19300050-285B-4E01-AE40-A7D4B49961FA}.Release|Any CPU.Build.0 = Release|Any CPU
		{B77D7CA9-8345-4145-BEF0-311371D83931}.Debug|Any CPU.ActiveCfg = Debug|Any CPU
		{B77D7CA9-8345-4145-BEF0-311371D83931}.Debug|Any CPU.Build.0 = Debug|Any CPU
		{B77D7CA9-8345-4145-BEF0-311371D83931}.Release|Any CPU.ActiveCfg = Release|Any CPU
		{B77D7CA9-8345-4145-BEF0-311371D83931}.Release|Any CPU.Build.0 = Release|Any CPU
	EndGlobalSection
	GlobalSection(SolutionProperties) = preSolution
		HideSolutionNode = FALSE
	EndGlobalSection
EndGlobal
