
Microsoft Visual Studio Solution File, Format Version 12.00
# Visual Studio 2012
Project("{FAE04EC0-301F-11D3-BF4B-00C04F79EFBC}") = "Yagul", "Yagul\Yagul.csproj", "{CD504CED-8111-4C56-88F4-CB4B7C3948EC}"
EndProject
Project("{FAE04EC0-301F-11D3-BF4B-00C04F79EFBC}") = "Strung", "strung\Strung.csproj", "{A39E9313-4B3E-484D-8F81-B8CE8CC969C3}"
EndProject
Project("{FAE04EC0-301F-11D3-BF4B-00C04F79EFBC}") = "Apparser", "Apparser\Apparser.csproj", "{4005F152-0A8D-42FF-A152-3EC5E48ADD21}"
EndProject
Project("{FAE04EC0-301F-11D3-BF4B-00C04F79EFBC}") = "Outcomes", "Outcomes\Outcomes.csproj", "{9F56F06F-3E3E-4756-8FEF-D2B5B291E918}"
EndProject
Project("{FAE04EC0-301F-11D3-BF4B-00C04F79EFBC}") = "ConsoleApplication1", "ConsoleApplication1\ConsoleApplication1.csproj", "{48AFA12F-913C-4DE3-B9C6-4F7AFA7DCB49}"
EndProject
Global
	GlobalSection(SolutionConfigurationPlatforms) = preSolution
		Debug|Any CPU = Debug|Any CPU
		Release|Any CPU = Release|Any CPU
	EndGlobalSection
	GlobalSection(ProjectConfigurationPlatforms) = postSolution
		{CD504CED-8111-4C56-88F4-CB4B7C3948EC}.Debug|Any CPU.ActiveCfg = Debug|Any CPU
		{CD504CED-8111-4C56-88F4-CB4B7C3948EC}.Debug|Any CPU.Build.0 = Debug|Any CPU
		{CD504CED-8111-4C56-88F4-CB4B7C3948EC}.Release|Any CPU.ActiveCfg = Release|Any CPU
		{CD504CED-8111-4C56-88F4-CB4B7C3948EC}.Release|Any CPU.Build.0 = Release|Any CPU
		{A39E9313-4B3E-484D-8F81-B8CE8CC969C3}.Debug|Any CPU.ActiveCfg = Debug|Any CPU
		{A39E9313-4B3E-484D-8F81-B8CE8CC969C3}.Debug|Any CPU.Build.0 = Debug|Any CPU
		{A39E9313-4B3E-484D-8F81-B8CE8CC969C3}.Release|Any CPU.ActiveCfg = Release|Any CPU
		{A39E9313-4B3E-484D-8F81-B8CE8CC969C3}.Release|Any CPU.Build.0 = Release|Any CPU
		{4005F152-0A8D-42FF-A152-3EC5E48ADD21}.Debug|Any CPU.ActiveCfg = Debug|Any CPU
		{4005F152-0A8D-42FF-A152-3EC5E48ADD21}.Debug|Any CPU.Build.0 = Debug|Any CPU
		{4005F152-0A8D-42FF-A152-3EC5E48ADD21}.Release|Any CPU.ActiveCfg = Release|Any CPU
		{4005F152-0A8D-42FF-A152-3EC5E48ADD21}.Release|Any CPU.Build.0 = Release|Any CPU
		{9F56F06F-3E3E-4756-8FEF-D2B5B291E918}.Debug|Any CPU.ActiveCfg = Debug|Any CPU
		{9F56F06F-3E3E-4756-8FEF-D2B5B291E918}.Debug|Any CPU.Build.0 = Debug|Any CPU
		{9F56F06F-3E3E-4756-8FEF-D2B5B291E918}.Release|Any CPU.ActiveCfg = Release|Any CPU
		{9F56F06F-3E3E-4756-8FEF-D2B5B291E918}.Release|Any CPU.Build.0 = Release|Any CPU
		{48AFA12F-913C-4DE3-B9C6-4F7AFA7DCB49}.Debug|Any CPU.ActiveCfg = Debug|Any CPU
		{48AFA12F-913C-4DE3-B9C6-4F7AFA7DCB49}.Debug|Any CPU.Build.0 = Debug|Any CPU
		{48AFA12F-913C-4DE3-B9C6-4F7AFA7DCB49}.Release|Any CPU.ActiveCfg = Release|Any CPU
		{48AFA12F-913C-4DE3-B9C6-4F7AFA7DCB49}.Release|Any CPU.Build.0 = Release|Any CPU
	EndGlobalSection
	GlobalSection(SolutionProperties) = preSolution
		HideSolutionNode = FALSE
	EndGlobalSection
EndGlobal
